
Microsoft Visual Studio Solution File, Format Version 12.00
# Visual Studio Version 17
VisualStudioVersion = 17.14.36212.18
MinimumVisualStudioVersion = 10.0.40219.1
Project("{FAE04EC0-301F-11D3-BF4B-00C04F79EFBC}") = "DVDL Data", "TheDataLayer For Project\DVDL Data.csproj", "{6B8F8D12-7995-4529-9E5C-6338DABE997D}"
EndProject
Project("{FAE04EC0-301F-11D3-BF4B-00C04F79EFBC}") = "DVDL Business", "ThePresentationLayer\DVDL Business.csproj", "{2E895149-51B4-4C4B-BE3B-EB3ADA8B789B}"
EndProject
Project("{FAE04EC0-301F-11D3-BF4B-00C04F79EFBC}") = "FormsUtilities", "FormsUtilities\FormsUtilities.csproj", "{4ABDF4D1-40F2-4681-A963-42E58EE3AD20}"
EndProject
Project("{FAE04EC0-301F-11D3-BF4B-00C04F79EFBC}") = "DVDL Persentation", "DVDL Persentation\DVDL Persentation.csproj", "{BD5A3765-9322-4880-A7E8-FD9D0608ED43}"
EndProject
Project("{FAE04EC0-301F-11D3-BF4B-00C04F79EFBC}") = "DVDL_InfrastructureLayer", "DVDL_InfrastructureLayer\DVDL_InfrastructureLayer.csproj", "{E6316FD5-93E5-4ABC-A02F-EECBB09C5F90}"
EndProject
Global
	GlobalSection(SolutionConfigurationPlatforms) = preSolution
		Debug|Any CPU = Debug|Any CPU
		Release|Any CPU = Release|Any CPU
	EndGlobalSection
	GlobalSection(ProjectConfigurationPlatforms) = postSolution
		{6B8F8D12-7995-4529-9E5C-6338DABE997D}.Debug|Any CPU.ActiveCfg = Debug|Any CPU
		{6B8F8D12-7995-4529-9E5C-6338DABE997D}.Debug|Any CPU.Build.0 = Debug|Any CPU
		{6B8F8D12-7995-4529-9E5C-6338DABE997D}.Release|Any CPU.ActiveCfg = Release|Any CPU
		{6B8F8D12-7995-4529-9E5C-6338DABE997D}.Release|Any CPU.Build.0 = Release|Any CPU
		{2E895149-51B4-4C4B-BE3B-EB3ADA8B789B}.Debug|Any CPU.ActiveCfg = Debug|Any CPU
		{2E895149-51B4-4C4B-BE3B-EB3ADA8B789B}.Debug|Any CPU.Build.0 = Debug|Any CPU
		{2E895149-51B4-4C4B-BE3B-EB3ADA8B789B}.Release|Any CPU.ActiveCfg = Release|Any CPU
		{2E895149-51B4-4C4B-BE3B-EB3ADA8B789B}.Release|Any CPU.Build.0 = Release|Any CPU
		{4ABDF4D1-40F2-4681-A963-42E58EE3AD20}.Debug|Any CPU.ActiveCfg = Debug|Any CPU
		{4ABDF4D1-40F2-4681-A963-42E58EE3AD20}.Debug|Any CPU.Build.0 = Debug|Any CPU
		{4ABDF4D1-40F2-4681-A963-42E58EE3AD20}.Release|Any CPU.ActiveCfg = Release|Any CPU
		{4ABDF4D1-40F2-4681-A963-42E58EE3AD20}.Release|Any CPU.Build.0 = Release|Any CPU
		{BD5A3765-9322-4880-A7E8-FD9D0608ED43}.Debug|Any CPU.ActiveCfg = Debug|Any CPU
		{BD5A3765-9322-4880-A7E8-FD9D0608ED43}.Debug|Any CPU.Build.0 = Debug|Any CPU
		{BD5A3765-9322-4880-A7E8-FD9D0608ED43}.Release|Any CPU.ActiveCfg = Release|Any CPU
		{BD5A3765-9322-4880-A7E8-FD9D0608ED43}.Release|Any CPU.Build.0 = Release|Any CPU
		{E6316FD5-93E5-4ABC-A02F-EECBB09C5F90}.Debug|Any CPU.ActiveCfg = Debug|Any CPU
		{E6316FD5-93E5-4ABC-A02F-EECBB09C5F90}.Debug|Any CPU.Build.0 = Debug|Any CPU
		{E6316FD5-93E5-4ABC-A02F-EECBB09C5F90}.Release|Any CPU.ActiveCfg = Release|Any CPU
		{E6316FD5-93E5-4ABC-A02F-EECBB09C5F90}.Release|Any CPU.Build.0 = Release|Any CPU
	EndGlobalSection
	GlobalSection(SolutionProperties) = preSolution
		HideSolutionNode = FALSE
	EndGlobalSection
	GlobalSection(ExtensibilityGlobals) = postSolution
		SolutionGuid = {F4630C54-EC4B-4BDF-8CDA-874B3C7F3FDC}
	EndGlobalSection
EndGlobal
