
Microsoft Visual Studio Solution File, Format Version 12.00
# Visual Studio Version 17
VisualStudioVersion = 17.14.36212.18
MinimumVisualStudioVersion = 10.0.40219.1
Project("{FAE04EC0-301F-11D3-BF4B-00C04F79EFBC}") = "TheDataLayer For Project", "TheDataLayer For Project\TheDataLayer For Project.csproj", "{6B8F8D12-7995-4529-9E5C-6338DABE997D}"
EndProject
Project("{FAE04EC0-301F-11D3-BF4B-00C04F79EFBC}") = "ThePusnissLayer", "ThePresentationLayer\ThePusnissLayer.csproj", "{2E895149-51B4-4C4B-BE3B-EB3ADA8B789B}"
EndProject
Project("{FAE04EC0-301F-11D3-BF4B-00C04F79EFBC}") = "TheSereens", "TheSereens\TheSereens.csproj", "{1F338024-392A-4CD2-AD0F-C0E0D36DD1F8}"
EndProject
Global
	GlobalSection(SolutionConfigurationPlatforms) = preSolution
		Debug|Any CPU = Debug|Any CPU
		Release|Any CPU = Release|Any CPU
	EndGlobalSection
	GlobalSection(ProjectConfigurationPlatforms) = postSolution
		{6B8F8D12-7995-4529-9E5C-6338DABE997D}.Debug|Any CPU.ActiveCfg = Debug|Any CPU
		{6B8F8D12-7995-4529-9E5C-6338DABE997D}.Debug|Any CPU.Build.0 = Debug|Any CPU
		{6B8F8D12-7995-4529-9E5C-6338DABE997D}.Release|Any CPU.ActiveCfg = Release|Any CPU
		{6B8F8D12-7995-4529-9E5C-6338DABE997D}.Release|Any CPU.Build.0 = Release|Any CPU
		{2E895149-51B4-4C4B-BE3B-EB3ADA8B789B}.Debug|Any CPU.ActiveCfg = Debug|Any CPU
		{2E895149-51B4-4C4B-BE3B-EB3ADA8B789B}.Debug|Any CPU.Build.0 = Debug|Any CPU
		{2E895149-51B4-4C4B-BE3B-EB3ADA8B789B}.Release|Any CPU.ActiveCfg = Release|Any CPU
		{2E895149-51B4-4C4B-BE3B-EB3ADA8B789B}.Release|Any CPU.Build.0 = Release|Any CPU
		{1F338024-392A-4CD2-AD0F-C0E0D36DD1F8}.Debug|Any CPU.ActiveCfg = Debug|Any CPU
		{1F338024-392A-4CD2-AD0F-C0E0D36DD1F8}.Debug|Any CPU.Build.0 = Debug|Any CPU
		{1F338024-392A-4CD2-AD0F-C0E0D36DD1F8}.Release|Any CPU.ActiveCfg = Release|Any CPU
		{1F338024-392A-4CD2-AD0F-C0E0D36DD1F8}.Release|Any CPU.Build.0 = Release|Any CPU
	EndGlobalSection
	GlobalSection(SolutionProperties) = preSolution
		HideSolutionNode = FALSE
	EndGlobalSection
	GlobalSection(ExtensibilityGlobals) = postSolution
		SolutionGuid = {F4630C54-EC4B-4BDF-8CDA-874B3C7F3FDC}
	EndGlobalSection
EndGlobal
